
Microsoft Visual Studio Solution File, Format Version 12.00
# Visual Studio Version 17
VisualStudioVersion = 17.4.33213.308
MinimumVisualStudioVersion = 10.0.40219.1
Project("{FAE04EC0-301F-11D3-BF4B-00C04F79EFBC}") = "MyMonefy", "MyMonefy\MyMonefy.csproj", "{8B03229C-3BEA-4D99-9CC4-67E0576BC4AA}"
EndProject
Global
	GlobalSection(SolutionConfigurationPlatforms) = preSolution
		Debug|Any CPU = Debug|Any CPU
		Release|Any CPU = Release|Any CPU
	EndGlobalSection
	GlobalSection(ProjectConfigurationPlatforms) = postSolution
		{8B03229C-3BEA-4D99-9CC4-67E0576BC4AA}.Debug|Any CPU.ActiveCfg = Debug|Any CPU
		{8B03229C-3BEA-4D99-9CC4-67E0576BC4AA}.Debug|Any CPU.Build.0 = Debug|Any CPU
		{8B03229C-3BEA-4D99-9CC4-67E0576BC4AA}.Release|Any CPU.ActiveCfg = Release|Any CPU
		{8B03229C-3BEA-4D99-9CC4-67E0576BC4AA}.Release|Any CPU.Build.0 = Release|Any CPU
	EndGlobalSection
	GlobalSection(SolutionProperties) = preSolution
		HideSolutionNode = FALSE
	EndGlobalSection
	GlobalSection(ExtensibilityGlobals) = postSolution
		SolutionGuid = {29AD02E5-E1CA-4E8A-8832-A0820591862D}
	EndGlobalSection
EndGlobal
